
Microsoft Visual Studio Solution File, Format Version 12.00
# Visual Studio Version 17
VisualStudioVersion = 17.13.35931.197 d17.13
MinimumVisualStudioVersion = 10.0.40219.1
Project("{FAE04EC0-301F-11D3-BF4B-00C04F79EFBC}") = "NewFeaturesDemo", "NewFeaturesDemo\NewFeaturesDemo.csproj", "{B4E54B8D-E55E-407B-8289-6007B76AA99F}"
EndProject
Global
	GlobalSection(SolutionConfigurationPlatforms) = preSolution
		Debug|Any CPU = Debug|Any CPU
		Release|Any CPU = Release|Any CPU
	EndGlobalSection
	GlobalSection(ProjectConfigurationPlatforms) = postSolution
		{B4E54B8D-E55E-407B-8289-6007B76AA99F}.Debug|Any CPU.ActiveCfg = Debug|Any CPU
		{B4E54B8D-E55E-407B-8289-6007B76AA99F}.Debug|Any CPU.Build.0 = Debug|Any CPU
		{B4E54B8D-E55E-407B-8289-6007B76AA99F}.Release|Any CPU.ActiveCfg = Release|Any CPU
		{B4E54B8D-E55E-407B-8289-6007B76AA99F}.Release|Any CPU.Build.0 = Release|Any CPU
	EndGlobalSection
	GlobalSection(SolutionProperties) = preSolution
		HideSolutionNode = FALSE
	EndGlobalSection
	GlobalSection(ExtensibilityGlobals) = postSolution
		SolutionGuid = {936168AB-E9D0-4E04-814F-4E548D25391F}
	EndGlobalSection
EndGlobal
