
Microsoft Visual Studio Solution File, Format Version 12.00
# Visual Studio Version 17
VisualStudioVersion = 17.13.35931.197 d17.13
MinimumVisualStudioVersion = 10.0.40219.1
Project("{FAE04EC0-301F-11D3-BF4B-00C04F79EFBC}") = "DI_LifeCycleDemo", "DI_LifeCycleDemo\DI_LifeCycleDemo.csproj", "{AC81D70B-A5B7-4EFD-B285-C7D0A4F59CEE}"
EndProject
Global
	GlobalSection(SolutionConfigurationPlatforms) = preSolution
		Debug|Any CPU = Debug|Any CPU
		Release|Any CPU = Release|Any CPU
	EndGlobalSection
	GlobalSection(ProjectConfigurationPlatforms) = postSolution
		{AC81D70B-A5B7-4EFD-B285-C7D0A4F59CEE}.Debug|Any CPU.ActiveCfg = Debug|Any CPU
		{AC81D70B-A5B7-4EFD-B285-C7D0A4F59CEE}.Debug|Any CPU.Build.0 = Debug|Any CPU
		{AC81D70B-A5B7-4EFD-B285-C7D0A4F59CEE}.Release|Any CPU.ActiveCfg = Release|Any CPU
		{AC81D70B-A5B7-4EFD-B285-C7D0A4F59CEE}.Release|Any CPU.Build.0 = Release|Any CPU
	EndGlobalSection
	GlobalSection(SolutionProperties) = preSolution
		HideSolutionNode = FALSE
	EndGlobalSection
	GlobalSection(ExtensibilityGlobals) = postSolution
		SolutionGuid = {A16CA1ED-5AAE-45BA-BC0A-35375E093ADF}
	EndGlobalSection
EndGlobal
